
Microsoft Visual Studio Solution File, Format Version 12.00
#
Project("{FAE04EC0-301F-11D3-BF4B-00C04F79EFBC}") = "DeveloperWepApi1", "DeveloperWepApi1\DeveloperWepApi1.csproj", "{560810DD-26C3-4FF0-B8EB-3CB55D5A04F0}"
EndProject
Project("{2150E333-8FDC-42A3-9474-1A3956D46DE8}") = "TaskWepApi1", "TaskWepApi1", "{7E8C7767-945B-4140-B704-FA856D813ACA}"
EndProject
Project("{FAE04EC0-301F-11D3-BF4B-00C04F79EFBC}") = "TaskWepApi1", "TaskWepApi1\TaskWepApi1.csproj", "{C17CE1F1-CF79-4C3C-8FED-AC4389EAB5A7}"
EndProject
Project("{2150E333-8FDC-42A3-9474-1A3956D46DE8}") = "DeveloperWepApi1", "DeveloperWepApi1", "{91818F8A-E51B-48F1-AEAA-A487AC49998C}"
EndProject
Project("{FAE04EC0-301F-11D3-BF4B-00C04F79EFBC}") = "GatewayApi", "GatewayApi\GatewayApi.csproj", "{F5614737-564A-4C89-A267-D685C1740F52}"
EndProject
Project("{FAE04EC0-301F-11D3-BF4B-00C04F79EFBC}") = "DeveloperWepApiTest2", "DeveloperWepApiTest2\DeveloperWepApiTest2.csproj", "{D0D85CAF-CB0F-45F9-BF19-68A38210E63A}"
EndProject
Project("{FAE04EC0-301F-11D3-BF4B-00C04F79EFBC}") = "IdentityServerApi", "IdentityServerApi\IdentityServerApi.csproj", "{9A0218A8-A438-4C19-A48B-60D3CD91DBE9}"
EndProject
Global
	GlobalSection(SolutionConfigurationPlatforms) = preSolution
		Debug|Any CPU = Debug|Any CPU
		Release|Any CPU = Release|Any CPU
	EndGlobalSection
	GlobalSection(ProjectConfigurationPlatforms) = postSolution
		{560810DD-26C3-4FF0-B8EB-3CB55D5A04F0}.Debug|Any CPU.ActiveCfg = Debug|Any CPU
		{560810DD-26C3-4FF0-B8EB-3CB55D5A04F0}.Debug|Any CPU.Build.0 = Debug|Any CPU
		{560810DD-26C3-4FF0-B8EB-3CB55D5A04F0}.Release|Any CPU.ActiveCfg = Release|Any CPU
		{560810DD-26C3-4FF0-B8EB-3CB55D5A04F0}.Release|Any CPU.Build.0 = Release|Any CPU
		{C17CE1F1-CF79-4C3C-8FED-AC4389EAB5A7}.Debug|Any CPU.ActiveCfg = Debug|Any CPU
		{C17CE1F1-CF79-4C3C-8FED-AC4389EAB5A7}.Debug|Any CPU.Build.0 = Debug|Any CPU
		{C17CE1F1-CF79-4C3C-8FED-AC4389EAB5A7}.Release|Any CPU.ActiveCfg = Release|Any CPU
		{C17CE1F1-CF79-4C3C-8FED-AC4389EAB5A7}.Release|Any CPU.Build.0 = Release|Any CPU
		{F5614737-564A-4C89-A267-D685C1740F52}.Debug|Any CPU.ActiveCfg = Debug|Any CPU
		{F5614737-564A-4C89-A267-D685C1740F52}.Debug|Any CPU.Build.0 = Debug|Any CPU
		{F5614737-564A-4C89-A267-D685C1740F52}.Release|Any CPU.ActiveCfg = Release|Any CPU
		{F5614737-564A-4C89-A267-D685C1740F52}.Release|Any CPU.Build.0 = Release|Any CPU
		{D0D85CAF-CB0F-45F9-BF19-68A38210E63A}.Debug|Any CPU.ActiveCfg = Debug|Any CPU
		{D0D85CAF-CB0F-45F9-BF19-68A38210E63A}.Debug|Any CPU.Build.0 = Debug|Any CPU
		{D0D85CAF-CB0F-45F9-BF19-68A38210E63A}.Release|Any CPU.ActiveCfg = Release|Any CPU
		{D0D85CAF-CB0F-45F9-BF19-68A38210E63A}.Release|Any CPU.Build.0 = Release|Any CPU
		{9A0218A8-A438-4C19-A48B-60D3CD91DBE9}.Debug|Any CPU.ActiveCfg = Debug|Any CPU
		{9A0218A8-A438-4C19-A48B-60D3CD91DBE9}.Debug|Any CPU.Build.0 = Debug|Any CPU
		{9A0218A8-A438-4C19-A48B-60D3CD91DBE9}.Release|Any CPU.ActiveCfg = Release|Any CPU
		{9A0218A8-A438-4C19-A48B-60D3CD91DBE9}.Release|Any CPU.Build.0 = Release|Any CPU
	EndGlobalSection
	GlobalSection(NestedProjects) = preSolution
		{C17CE1F1-CF79-4C3C-8FED-AC4389EAB5A7} = {7E8C7767-945B-4140-B704-FA856D813ACA}
		{560810DD-26C3-4FF0-B8EB-3CB55D5A04F0} = {91818F8A-E51B-48F1-AEAA-A487AC49998C}
	EndGlobalSection
EndGlobal
