
Microsoft Visual Studio Solution File, Format Version 12.00
Project("{FAE04EC0-301F-11D3-BF4B-00C04F79EFBC}") = "DeveloperWepApi1", "DeveloperWepApi1\DeveloperWepApi1.csproj", "{560810DD-26C3-4FF0-B8EB-3CB55D5A04F0}"
EndProject
Project("{2150E333-8FDC-42A3-9474-1A3956D46DE8}") = "TaskWepApi1", "TaskWepApi1", "{7E8C7767-945B-4140-B704-FA856D813ACA}"
EndProject
Project("{FAE04EC0-301F-11D3-BF4B-00C04F79EFBC}") = "TaskWepApi1", "TaskWepApi1\TaskWepApi1.csproj", "{C17CE1F1-CF79-4C3C-8FED-AC4389EAB5A7}"
EndProject
Project("{2150E333-8FDC-42A3-9474-1A3956D46DE8}") = "DeveloperWepApi1", "DeveloperWepApi1", "{91818F8A-E51B-48F1-AEAA-A487AC49998C}"
EndProject
Global
	GlobalSection(SolutionConfigurationPlatforms) = preSolution
		Debug|Any CPU = Debug|Any CPU
		Release|Any CPU = Release|Any CPU
	EndGlobalSection
	GlobalSection(ProjectConfigurationPlatforms) = postSolution
		{560810DD-26C3-4FF0-B8EB-3CB55D5A04F0}.Debug|Any CPU.ActiveCfg = Debug|Any CPU
		{560810DD-26C3-4FF0-B8EB-3CB55D5A04F0}.Debug|Any CPU.Build.0 = Debug|Any CPU
		{560810DD-26C3-4FF0-B8EB-3CB55D5A04F0}.Release|Any CPU.ActiveCfg = Release|Any CPU
		{560810DD-26C3-4FF0-B8EB-3CB55D5A04F0}.Release|Any CPU.Build.0 = Release|Any CPU
		{C17CE1F1-CF79-4C3C-8FED-AC4389EAB5A7}.Debug|Any CPU.ActiveCfg = Debug|Any CPU
		{C17CE1F1-CF79-4C3C-8FED-AC4389EAB5A7}.Debug|Any CPU.Build.0 = Debug|Any CPU
		{C17CE1F1-CF79-4C3C-8FED-AC4389EAB5A7}.Release|Any CPU.ActiveCfg = Release|Any CPU
		{C17CE1F1-CF79-4C3C-8FED-AC4389EAB5A7}.Release|Any CPU.Build.0 = Release|Any CPU
	EndGlobalSection
	GlobalSection(NestedProjects) = preSolution
		{C17CE1F1-CF79-4C3C-8FED-AC4389EAB5A7} = {7E8C7767-945B-4140-B704-FA856D813ACA}
		{560810DD-26C3-4FF0-B8EB-3CB55D5A04F0} = {91818F8A-E51B-48F1-AEAA-A487AC49998C}
	EndGlobalSection
EndGlobal
